
Microsoft Visual Studio Solution File, Format Version 12.00
# Visual Studio Version 17
VisualStudioVersion = 17.3.32929.385
MinimumVisualStudioVersion = 10.0.40219.1
Project("{FAE04EC0-301F-11D3-BF4B-00C04F79EFBC}") = "Arthur_Prak_4", "Arthur_Prak_4\Arthur_Prak_4.csproj", "{EA011C37-583B-4750-B03B-BACF48FAE025}"
EndProject
Project("{FAE04EC0-301F-11D3-BF4B-00C04F79EFBC}") = "ZADANIE_2", "ZADANIE_2\ZADANIE_2.csproj", "{9EDDFEDD-4F0A-4A6E-9FC7-1178493523E9}"
EndProject
Project("{FAE04EC0-301F-11D3-BF4B-00C04F79EFBC}") = "ZADANIE_3", "ZADANIE_3\ZADANIE_3.csproj", "{E49158B6-D48D-4F4F-8BD7-63C90C8F60F9}"
EndProject
Project("{FAE04EC0-301F-11D3-BF4B-00C04F79EFBC}") = "ZADANIE_4", "ZADANIE_4\ZADANIE_4.csproj", "{519FFB60-839A-4A8D-A574-33930F4DB7D4}"
EndProject
Global
	GlobalSection(SolutionConfigurationPlatforms) = preSolution
		Debug|Any CPU = Debug|Any CPU
		Release|Any CPU = Release|Any CPU
	EndGlobalSection
	GlobalSection(ProjectConfigurationPlatforms) = postSolution
		{EA011C37-583B-4750-B03B-BACF48FAE025}.Debug|Any CPU.ActiveCfg = Debug|Any CPU
		{EA011C37-583B-4750-B03B-BACF48FAE025}.Debug|Any CPU.Build.0 = Debug|Any CPU
		{EA011C37-583B-4750-B03B-BACF48FAE025}.Release|Any CPU.ActiveCfg = Release|Any CPU
		{EA011C37-583B-4750-B03B-BACF48FAE025}.Release|Any CPU.Build.0 = Release|Any CPU
		{9EDDFEDD-4F0A-4A6E-9FC7-1178493523E9}.Debug|Any CPU.ActiveCfg = Debug|Any CPU
		{9EDDFEDD-4F0A-4A6E-9FC7-1178493523E9}.Debug|Any CPU.Build.0 = Debug|Any CPU
		{9EDDFEDD-4F0A-4A6E-9FC7-1178493523E9}.Release|Any CPU.ActiveCfg = Release|Any CPU
		{9EDDFEDD-4F0A-4A6E-9FC7-1178493523E9}.Release|Any CPU.Build.0 = Release|Any CPU
		{E49158B6-D48D-4F4F-8BD7-63C90C8F60F9}.Debug|Any CPU.ActiveCfg = Debug|Any CPU
		{E49158B6-D48D-4F4F-8BD7-63C90C8F60F9}.Debug|Any CPU.Build.0 = Debug|Any CPU
		{E49158B6-D48D-4F4F-8BD7-63C90C8F60F9}.Release|Any CPU.ActiveCfg = Release|Any CPU
		{E49158B6-D48D-4F4F-8BD7-63C90C8F60F9}.Release|Any CPU.Build.0 = Release|Any CPU
		{519FFB60-839A-4A8D-A574-33930F4DB7D4}.Debug|Any CPU.ActiveCfg = Debug|Any CPU
		{519FFB60-839A-4A8D-A574-33930F4DB7D4}.Debug|Any CPU.Build.0 = Debug|Any CPU
		{519FFB60-839A-4A8D-A574-33930F4DB7D4}.Release|Any CPU.ActiveCfg = Release|Any CPU
		{519FFB60-839A-4A8D-A574-33930F4DB7D4}.Release|Any CPU.Build.0 = Release|Any CPU
	EndGlobalSection
	GlobalSection(SolutionProperties) = preSolution
		HideSolutionNode = FALSE
	EndGlobalSection
	GlobalSection(ExtensibilityGlobals) = postSolution
		SolutionGuid = {5FE77D98-BD88-4366-80CA-81F8EFD84F79}
	EndGlobalSection
EndGlobal
